
Microsoft Visual Studio Solution File, Format Version 12.00
# Visual Studio 14
VisualStudioVersion = 14.0.25123.0
MinimumVisualStudioVersion = 10.0.40219.1
Project("{FAE04EC0-301F-11D3-BF4B-00C04F79EFBC}") = "Audeeo.UI.Prototype", "Audeeo.UI.Prototype\Audeeo.UI.Prototype.csproj", "{87638B5C-19FD-4F12-8CFE-6A34FD559E7C}"
EndProject
Project("{2150E333-8FDC-42A3-9474-1A3956D46DE8}") = "Solution Items", "Solution Items", "{F127AE4F-E7E3-44D5-B523-CDD672B48FD5}"
	ProjectSection(SolutionItems) = preProject
		Documentation.txt = Documentation.txt
		README.md = README.md
	EndProjectSection
EndProject
Project("{9092AA53-FB77-4645-B42D-1CCCA6BD08BD}") = "Audeeo.LambdaTest", "Audeeo.LambdaTest\Audeeo.LambdaTest.njsproj", "{93A99353-34B5-47FA-87C9-63D274E18909}"
EndProject
Project("{9092AA53-FB77-4645-B42D-1CCCA6BD08BD}") = "NodejsConsoleApp1", "NodejsConsoleApp1\NodejsConsoleApp1.njsproj", "{88492B54-9CAF-433C-9128-7C1F18AB9724}"
EndProject
Project("{9092AA53-FB77-4645-B42D-1CCCA6BD08BD}") = "NodejsWebApp1", "NodejsWebApp1\NodejsWebApp1.njsproj", "{E366BA51-0D93-4E89-9664-95FFE06B89E2}"
EndProject
Project("{FAE04EC0-301F-11D3-BF4B-00C04F79EFBC}") = "AwsDynamoDBS3LinkSample1", "AwsDynamoDBS3LinkSample1\AwsDynamoDBS3LinkSample1.csproj", "{FFEA2697-0625-48DA-BA91-77E347F7BAE9}"
EndProject
Project("{FAE04EC0-301F-11D3-BF4B-00C04F79EFBC}") = "AwsSimpleDBAsyncSample1", "AwsSimpleDBAsyncSample1\AwsSimpleDBAsyncSample1.csproj", "{8D8BF3DA-8E8F-47AB-931C-4DA814A61A3B}"
EndProject
Global
	GlobalSection(SolutionConfigurationPlatforms) = preSolution
		Debug|Any CPU = Debug|Any CPU
		Release|Any CPU = Release|Any CPU
	EndGlobalSection
	GlobalSection(ProjectConfigurationPlatforms) = postSolution
		{87638B5C-19FD-4F12-8CFE-6A34FD559E7C}.Debug|Any CPU.ActiveCfg = Debug|Any CPU
		{87638B5C-19FD-4F12-8CFE-6A34FD559E7C}.Debug|Any CPU.Build.0 = Debug|Any CPU
		{87638B5C-19FD-4F12-8CFE-6A34FD559E7C}.Release|Any CPU.ActiveCfg = Release|Any CPU
		{87638B5C-19FD-4F12-8CFE-6A34FD559E7C}.Release|Any CPU.Build.0 = Release|Any CPU
		{93A99353-34B5-47FA-87C9-63D274E18909}.Debug|Any CPU.ActiveCfg = Debug|Any CPU
		{93A99353-34B5-47FA-87C9-63D274E18909}.Debug|Any CPU.Build.0 = Debug|Any CPU
		{93A99353-34B5-47FA-87C9-63D274E18909}.Release|Any CPU.ActiveCfg = Release|Any CPU
		{93A99353-34B5-47FA-87C9-63D274E18909}.Release|Any CPU.Build.0 = Release|Any CPU
		{88492B54-9CAF-433C-9128-7C1F18AB9724}.Debug|Any CPU.ActiveCfg = Debug|Any CPU
		{88492B54-9CAF-433C-9128-7C1F18AB9724}.Debug|Any CPU.Build.0 = Debug|Any CPU
		{88492B54-9CAF-433C-9128-7C1F18AB9724}.Release|Any CPU.ActiveCfg = Release|Any CPU
		{88492B54-9CAF-433C-9128-7C1F18AB9724}.Release|Any CPU.Build.0 = Release|Any CPU
		{E366BA51-0D93-4E89-9664-95FFE06B89E2}.Debug|Any CPU.ActiveCfg = Debug|Any CPU
		{E366BA51-0D93-4E89-9664-95FFE06B89E2}.Debug|Any CPU.Build.0 = Debug|Any CPU
		{E366BA51-0D93-4E89-9664-95FFE06B89E2}.Release|Any CPU.ActiveCfg = Release|Any CPU
		{E366BA51-0D93-4E89-9664-95FFE06B89E2}.Release|Any CPU.Build.0 = Release|Any CPU
		{FFEA2697-0625-48DA-BA91-77E347F7BAE9}.Debug|Any CPU.ActiveCfg = Debug|Any CPU
		{FFEA2697-0625-48DA-BA91-77E347F7BAE9}.Debug|Any CPU.Build.0 = Debug|Any CPU
		{FFEA2697-0625-48DA-BA91-77E347F7BAE9}.Release|Any CPU.ActiveCfg = Release|Any CPU
		{FFEA2697-0625-48DA-BA91-77E347F7BAE9}.Release|Any CPU.Build.0 = Release|Any CPU
		{8D8BF3DA-8E8F-47AB-931C-4DA814A61A3B}.Debug|Any CPU.ActiveCfg = Debug|Any CPU
		{8D8BF3DA-8E8F-47AB-931C-4DA814A61A3B}.Debug|Any CPU.Build.0 = Debug|Any CPU
		{8D8BF3DA-8E8F-47AB-931C-4DA814A61A3B}.Release|Any CPU.ActiveCfg = Release|Any CPU
		{8D8BF3DA-8E8F-47AB-931C-4DA814A61A3B}.Release|Any CPU.Build.0 = Release|Any CPU
	EndGlobalSection
	GlobalSection(SolutionProperties) = preSolution
		HideSolutionNode = FALSE
	EndGlobalSection
EndGlobal
